
Microsoft Visual Studio Solution File, Format Version 12.00
# Visual Studio Version 16
VisualStudioVersion = 16.0.28803.916
MinimumVisualStudioVersion = 10.0.40219.1
Project("{FAE04EC0-301F-11D3-BF4B-00C04F79EFBC}") = "ProjetoBanco2025", "ProjetoBanco2025\ProjetoBanco2025.csproj", "{C87ACA5B-F4E5-4173-BB7A-94880009E87D}"
EndProject
Global
	GlobalSection(SolutionConfigurationPlatforms) = preSolution
		Debug|Any CPU = Debug|Any CPU
		Release|Any CPU = Release|Any CPU
	EndGlobalSection
	GlobalSection(ProjectConfigurationPlatforms) = postSolution
		{C87ACA5B-F4E5-4173-BB7A-94880009E87D}.Debug|Any CPU.ActiveCfg = Debug|Any CPU
		{C87ACA5B-F4E5-4173-BB7A-94880009E87D}.Debug|Any CPU.Build.0 = Debug|Any CPU
		{C87ACA5B-F4E5-4173-BB7A-94880009E87D}.Release|Any CPU.ActiveCfg = Release|Any CPU
		{C87ACA5B-F4E5-4173-BB7A-94880009E87D}.Release|Any CPU.Build.0 = Release|Any CPU
	EndGlobalSection
	GlobalSection(SolutionProperties) = preSolution
		HideSolutionNode = FALSE
	EndGlobalSection
	GlobalSection(ExtensibilityGlobals) = postSolution
		SolutionGuid = {CC9E600E-2FDA-42CB-9F7F-93816CA9B3FB}
	EndGlobalSection
EndGlobal
